
Microsoft Visual Studio Solution File, Format Version 12.00
# Visual Studio Version 17
VisualStudioVersion = 17.0.31903.59
MinimumVisualStudioVersion = 10.0.40219.1
Project("{FAE04EC0-301F-11D3-BF4B-00C04F79EFBC}") = "API", "API\API.csproj", "{CBAB1BC4-5896-45BD-9277-E333B13CB7C8}"
EndProject
Project("{FAE04EC0-301F-11D3-BF4B-00C04F79EFBC}") = "Application", "Application\Application.csproj", "{7926B300-2A8E-4696-9BC9-256C9B24A664}"
EndProject
Project("{FAE04EC0-301F-11D3-BF4B-00C04F79EFBC}") = "Domain", "Domain\Domain.csproj", "{8B33D85A-68E6-4536-AAD5-74DA1041940B}"
EndProject
Project("{FAE04EC0-301F-11D3-BF4B-00C04F79EFBC}") = "Persistence", "Persistence\Persistence.csproj", "{14445D91-7419-48BD-B989-27CF0329B152}"
EndProject
Project("{FAE04EC0-301F-11D3-BF4B-00C04F79EFBC}") = "Infrastructure", "Infrastructure\Infrastructure.csproj", "{0F1A0B23-B0A7-42F4-AC1B-C27C9FEC247C}"
EndProject
Global
	GlobalSection(SolutionConfigurationPlatforms) = preSolution
		Debug|Any CPU = Debug|Any CPU
		Release|Any CPU = Release|Any CPU
	EndGlobalSection
	GlobalSection(SolutionProperties) = preSolution
		HideSolutionNode = FALSE
	EndGlobalSection
	GlobalSection(ProjectConfigurationPlatforms) = postSolution
		{CBAB1BC4-5896-45BD-9277-E333B13CB7C8}.Debug|Any CPU.ActiveCfg = Debug|Any CPU
		{CBAB1BC4-5896-45BD-9277-E333B13CB7C8}.Debug|Any CPU.Build.0 = Debug|Any CPU
		{CBAB1BC4-5896-45BD-9277-E333B13CB7C8}.Release|Any CPU.ActiveCfg = Release|Any CPU
		{CBAB1BC4-5896-45BD-9277-E333B13CB7C8}.Release|Any CPU.Build.0 = Release|Any CPU
		{7926B300-2A8E-4696-9BC9-256C9B24A664}.Debug|Any CPU.ActiveCfg = Debug|Any CPU
		{7926B300-2A8E-4696-9BC9-256C9B24A664}.Debug|Any CPU.Build.0 = Debug|Any CPU
		{7926B300-2A8E-4696-9BC9-256C9B24A664}.Release|Any CPU.ActiveCfg = Release|Any CPU
		{7926B300-2A8E-4696-9BC9-256C9B24A664}.Release|Any CPU.Build.0 = Release|Any CPU
		{8B33D85A-68E6-4536-AAD5-74DA1041940B}.Debug|Any CPU.ActiveCfg = Debug|Any CPU
		{8B33D85A-68E6-4536-AAD5-74DA1041940B}.Debug|Any CPU.Build.0 = Debug|Any CPU
		{8B33D85A-68E6-4536-AAD5-74DA1041940B}.Release|Any CPU.ActiveCfg = Release|Any CPU
		{8B33D85A-68E6-4536-AAD5-74DA1041940B}.Release|Any CPU.Build.0 = Release|Any CPU
		{14445D91-7419-48BD-B989-27CF0329B152}.Debug|Any CPU.ActiveCfg = Debug|Any CPU
		{14445D91-7419-48BD-B989-27CF0329B152}.Debug|Any CPU.Build.0 = Debug|Any CPU
		{14445D91-7419-48BD-B989-27CF0329B152}.Release|Any CPU.ActiveCfg = Release|Any CPU
		{14445D91-7419-48BD-B989-27CF0329B152}.Release|Any CPU.Build.0 = Release|Any CPU
		{0F1A0B23-B0A7-42F4-AC1B-C27C9FEC247C}.Debug|Any CPU.ActiveCfg = Debug|Any CPU
		{0F1A0B23-B0A7-42F4-AC1B-C27C9FEC247C}.Debug|Any CPU.Build.0 = Debug|Any CPU
		{0F1A0B23-B0A7-42F4-AC1B-C27C9FEC247C}.Release|Any CPU.ActiveCfg = Release|Any CPU
		{0F1A0B23-B0A7-42F4-AC1B-C27C9FEC247C}.Release|Any CPU.Build.0 = Release|Any CPU
	EndGlobalSection
EndGlobal
